
Microsoft Visual Studio Solution File, Format Version 12.00
# Visual Studio 15
VisualStudioVersion = 15.0.28010.2036
MinimumVisualStudioVersion = 10.0.40219.1
Project("{FAE04EC0-301F-11D3-BF4B-00C04F79EFBC}") = "Net472WebsocketEchoer", "Net472WebsocketEchoer\Net472WebsocketEchoer.csproj", "{43E9DA23-1D36-48BA-9059-EAE76C612CD2}"
EndProject
Project("{2150E333-8FDC-42A3-9474-1A3956D46DE8}") = "Solution Items", "Solution Items", "{AD950642-2F80-4CEA-AFD8-2BC20A34B9A6}"
	ProjectSection(SolutionItems) = preProject
		Dockerfile = Dockerfile
	EndProjectSection
EndProject
Global
	GlobalSection(SolutionConfigurationPlatforms) = preSolution
		Debug|Any CPU = Debug|Any CPU
		Release|Any CPU = Release|Any CPU
	EndGlobalSection
	GlobalSection(ProjectConfigurationPlatforms) = postSolution
		{43E9DA23-1D36-48BA-9059-EAE76C612CD2}.Debug|Any CPU.ActiveCfg = Debug|Any CPU
		{43E9DA23-1D36-48BA-9059-EAE76C612CD2}.Debug|Any CPU.Build.0 = Debug|Any CPU
		{43E9DA23-1D36-48BA-9059-EAE76C612CD2}.Release|Any CPU.ActiveCfg = Release|Any CPU
		{43E9DA23-1D36-48BA-9059-EAE76C612CD2}.Release|Any CPU.Build.0 = Release|Any CPU
	EndGlobalSection
	GlobalSection(SolutionProperties) = preSolution
		HideSolutionNode = FALSE
	EndGlobalSection
	GlobalSection(ExtensibilityGlobals) = postSolution
		SolutionGuid = {5FED8F2B-80D6-464F-B516-E058A60DD393}
	EndGlobalSection
EndGlobal
