
Microsoft Visual Studio Solution File, Format Version 12.00
# Visual Studio 15
VisualStudioVersion = 15.0.28010.2036
MinimumVisualStudioVersion = 10.0.40219.1
Project("{9A19103F-16F7-4668-BE54-9A1E7A4F7556}") = "CalculatorRestApi", "CalculatorRestApi\CalculatorRestApi.csproj", "{D98D6272-5AB3-4B7D-9207-51238EDFFE34}"
EndProject
Project("{2150E333-8FDC-42A3-9474-1A3956D46DE8}") = "Solution Items", "Solution Items", "{AF7F6DCB-2107-4B65-AC85-E8D015B72768}"
	ProjectSection(SolutionItems) = preProject
		CalculatorRestApi\Dockerfile = CalculatorRestApi\Dockerfile
	EndProjectSection
EndProject
Global
	GlobalSection(SolutionConfigurationPlatforms) = preSolution
		Debug|Any CPU = Debug|Any CPU
		Release|Any CPU = Release|Any CPU
	EndGlobalSection
	GlobalSection(ProjectConfigurationPlatforms) = postSolution
		{D98D6272-5AB3-4B7D-9207-51238EDFFE34}.Debug|Any CPU.ActiveCfg = Debug|Any CPU
		{D98D6272-5AB3-4B7D-9207-51238EDFFE34}.Debug|Any CPU.Build.0 = Debug|Any CPU
		{D98D6272-5AB3-4B7D-9207-51238EDFFE34}.Release|Any CPU.ActiveCfg = Release|Any CPU
		{D98D6272-5AB3-4B7D-9207-51238EDFFE34}.Release|Any CPU.Build.0 = Release|Any CPU
	EndGlobalSection
	GlobalSection(SolutionProperties) = preSolution
		HideSolutionNode = FALSE
	EndGlobalSection
	GlobalSection(ExtensibilityGlobals) = postSolution
		SolutionGuid = {16E5338B-9FC8-4871-84B9-21A87D8DF107}
	EndGlobalSection
EndGlobal
